
Microsoft Visual Studio Solution File, Format Version 12.00
# Visual Studio Version 17
VisualStudioVersion = 17.7.34302.85
MinimumVisualStudioVersion = 10.0.40219.1
Project("{FAE04EC0-301F-11D3-BF4B-00C04F79EFBC}") = "com.chalkline.wopi", "com.microsoft.dx.officewopi\com.chalkline.wopi.csproj", "{2321459D-DBA1-45FA-8D9F-B579E7FCE91F}"
EndProject
Global
	GlobalSection(SolutionConfigurationPlatforms) = preSolution
		Debug|Any CPU = Debug|Any CPU
		Release|Any CPU = Release|Any CPU
	EndGlobalSection
	GlobalSection(ProjectConfigurationPlatforms) = postSolution
		{2321459D-DBA1-45FA-8D9F-B579E7FCE91F}.Debug|Any CPU.ActiveCfg = Debug|Any CPU
		{2321459D-DBA1-45FA-8D9F-B579E7FCE91F}.Debug|Any CPU.Build.0 = Debug|Any CPU
		{2321459D-DBA1-45FA-8D9F-B579E7FCE91F}.Release|Any CPU.ActiveCfg = Release|Any CPU
		{2321459D-DBA1-45FA-8D9F-B579E7FCE91F}.Release|Any CPU.Build.0 = Release|Any CPU
	EndGlobalSection
	GlobalSection(SolutionProperties) = preSolution
		HideSolutionNode = FALSE
	EndGlobalSection
	GlobalSection(ExtensibilityGlobals) = postSolution
		SolutionGuid = {4D87F023-6540-4999-9B47-6F7B77D0D263}
	EndGlobalSection
EndGlobal
